Microsoft Visual Studio Solution File, Format Version 11.00
# Visual Studio 2008

Project("{C726F05C-10AA-AC16-A908-C2466C4F9088}") = "Stoic Gasa-clone", "Assembly-CSharp-firstpass-vs.csproj", "{FD6B0153-82C2-941F-A16C-5B5F6789DC25}"
EndProject
Project("{C726F05C-10AA-AC16-A908-C2466C4F9088}") = "Stoic Gasa-clone", "Assembly-CSharp-vs.csproj", "{3E401AA3-E987-4D9A-7DE6-A90443A2D111}"
EndProject
Project("{C726F05C-10AA-AC16-A908-C2466C4F9088}") = "Stoic Gasa-clone", "Assembly-CSharp-Editor-vs.csproj", "{7E34F96C-1D28-7E8E-09AC-78745F173744}"
EndProject
Global
	GlobalSection(SolutionConfigurationPlatforms) = preSolution
		Debug|Any CPU = Debug|Any CPU
		Release|Any CPU = Release|Any CPU
	EndGlobalSection
	GlobalSection(ProjectConfigurationPlatforms) = postSolution
		{FD6B0153-82C2-941F-A16C-5B5F6789DC25}.Debug|Any CPU.ActiveCfg = Debug|Any CPU
		{FD6B0153-82C2-941F-A16C-5B5F6789DC25}.Debug|Any CPU.Build.0 = Debug|Any CPU
		{FD6B0153-82C2-941F-A16C-5B5F6789DC25}.Release|Any CPU.ActiveCfg = Release|Any CPU
		{FD6B0153-82C2-941F-A16C-5B5F6789DC25}.Release|Any CPU.Build.0 = Release|Any CPU
		{3E401AA3-E987-4D9A-7DE6-A90443A2D111}.Debug|Any CPU.ActiveCfg = Debug|Any CPU
		{3E401AA3-E987-4D9A-7DE6-A90443A2D111}.Debug|Any CPU.Build.0 = Debug|Any CPU
		{3E401AA3-E987-4D9A-7DE6-A90443A2D111}.Release|Any CPU.ActiveCfg = Release|Any CPU
		{3E401AA3-E987-4D9A-7DE6-A90443A2D111}.Release|Any CPU.Build.0 = Release|Any CPU
		{7E34F96C-1D28-7E8E-09AC-78745F173744}.Debug|Any CPU.ActiveCfg = Debug|Any CPU
		{7E34F96C-1D28-7E8E-09AC-78745F173744}.Debug|Any CPU.Build.0 = Debug|Any CPU
		{7E34F96C-1D28-7E8E-09AC-78745F173744}.Release|Any CPU.ActiveCfg = Release|Any CPU
		{7E34F96C-1D28-7E8E-09AC-78745F173744}.Release|Any CPU.Build.0 = Release|Any CPU
	EndGlobalSection
	GlobalSection(SolutionProperties) = preSolution
		HideSolutionNode = FALSE
	EndGlobalSection
																																																																																																				GlobalSection(MonoDevelopProperties) = preSolution
		StartupItem = Assembly-CSharp.csproj
		Policies = $0
		$0.TextStylePolicy = $1
		$1.inheritsSet = null
		$1.scope = text/x-csharp
		$0.CSharpFormattingPolicy = $2
		$2.inheritsSet = Mono
		$2.inheritsScope = text/x-csharp
		$2.scope = text/x-csharp
		$0.TextStylePolicy = $3
		$3.FileWidth = 120
		$3.TabWidth = 4
		$3.EolMarker = Unix
		$3.inheritsSet = Mono
		$3.inheritsScope = text/plain
		$3.scope = text/plain
	EndGlobalSection

EndGlobal
