Microsoft Visual Studio Solution File, Format Version 11.00
# Visual Studio 2008

Project("{41F98E72-BDFC-DF4A-DD78-EAE9CE1E14D2}") = "stoic-gasa", "Assembly-CSharp-firstpass-vs.csproj", "{35755201-D591-1836-2151-0C354B8BC44C}"
EndProject
Project("{41F98E72-BDFC-DF4A-DD78-EAE9CE1E14D2}") = "stoic-gasa", "Assembly-CSharp-vs.csproj", "{78E01120-E77F-9035-F56A-6EBD0813D1E2}"
EndProject
Project("{41F98E72-BDFC-DF4A-DD78-EAE9CE1E14D2}") = "stoic-gasa", "Assembly-CSharp-Editor-vs.csproj", "{8D865CA5-7137-A446-B4EE-14630FC11E93}"
EndProject
Global
	GlobalSection(SolutionConfigurationPlatforms) = preSolution
		Debug|Any CPU = Debug|Any CPU
		Release|Any CPU = Release|Any CPU
	EndGlobalSection
	GlobalSection(ProjectConfigurationPlatforms) = postSolution
		{35755201-D591-1836-2151-0C354B8BC44C}.Debug|Any CPU.ActiveCfg = Debug|Any CPU
		{35755201-D591-1836-2151-0C354B8BC44C}.Debug|Any CPU.Build.0 = Debug|Any CPU
		{35755201-D591-1836-2151-0C354B8BC44C}.Release|Any CPU.ActiveCfg = Release|Any CPU
		{35755201-D591-1836-2151-0C354B8BC44C}.Release|Any CPU.Build.0 = Release|Any CPU
		{78E01120-E77F-9035-F56A-6EBD0813D1E2}.Debug|Any CPU.ActiveCfg = Debug|Any CPU
		{78E01120-E77F-9035-F56A-6EBD0813D1E2}.Debug|Any CPU.Build.0 = Debug|Any CPU
		{78E01120-E77F-9035-F56A-6EBD0813D1E2}.Release|Any CPU.ActiveCfg = Release|Any CPU
		{78E01120-E77F-9035-F56A-6EBD0813D1E2}.Release|Any CPU.Build.0 = Release|Any CPU
		{8D865CA5-7137-A446-B4EE-14630FC11E93}.Debug|Any CPU.ActiveCfg = Debug|Any CPU
		{8D865CA5-7137-A446-B4EE-14630FC11E93}.Debug|Any CPU.Build.0 = Debug|Any CPU
		{8D865CA5-7137-A446-B4EE-14630FC11E93}.Release|Any CPU.ActiveCfg = Release|Any CPU
		{8D865CA5-7137-A446-B4EE-14630FC11E93}.Release|Any CPU.Build.0 = Release|Any CPU
	EndGlobalSection
	GlobalSection(SolutionProperties) = preSolution
		HideSolutionNode = FALSE
	EndGlobalSection
											GlobalSection(MonoDevelopProperties) = preSolution
		StartupItem = Assembly-CSharp.csproj
		Policies = $0
		$0.TextStylePolicy = $1
		$1.inheritsSet = null
		$1.scope = text/x-csharp
		$0.CSharpFormattingPolicy = $2
		$2.inheritsSet = Mono
		$2.inheritsScope = text/x-csharp
		$2.scope = text/x-csharp
		$0.TextStylePolicy = $3
		$3.FileWidth = 120
		$3.TabWidth = 4
		$3.EolMarker = Unix
		$3.inheritsSet = Mono
		$3.inheritsScope = text/plain
		$3.scope = text/plain
	EndGlobalSection

EndGlobal
